{
  "version": 4,
  "terraform_version": "0.12.9",
  "serial": 41,
  "lineage": "a16ff9c8-368a-f1d1-39b1-2d2e3b8b5da3",
  "outputs": {
    "configuration_endpoint_address": {
      "value": "redis-cluster.f04uk4.clustercfg.use1.cache.amazonaws.com",
      "type": "string"
    }
  },
  "resources": [
    {
      "mode": "data",
      "type": "aws_availability_zones",
      "name": "available",
      "provider": "provider.aws",
      "instances": [
        {
          "schema_version": 0,
          "attributes": {
            "blacklisted_names": null,
            "blacklisted_zone_ids": null,
            "id": "2019-10-08 11:20:43.0822173 +0000 UTC",
            "names": [
              "us-east-1a",
              "us-east-1b",
              "us-east-1c",
              "us-east-1d",
              "us-east-1e",
              "us-east-1f"
            ],
            "state": null,
            "zone_ids": [
              "use1-az1",
              "use1-az2",
              "use1-az4",
              "use1-az6",
              "use1-az3",
              "use1-az5"
            ]
          }
        }
      ]
    },
    {
      "mode": "managed",
      "type": "aws_elasticache_cluster",
      "name": "example",
      "provider": "provider.aws",
      "instances": [
        {
          "schema_version": 0,
          "attributes": {
            "apply_immediately": null,
            "availability_zone": "us-east-1c",
            "availability_zones": null,
            "az_mode": "single-az",
            "cache_nodes": [
              {
                "address": "cluster-example.f04uk4.0001.use1.cache.amazonaws.com",
                "availability_zone": "us-east-1c",
                "id": "0001",
                "port": 6379
              }
            ],
            "cluster_address": null,
            "cluster_id": "cluster-example",
            "configuration_endpoint": null,
            "engine": "redis",
            "engine_version": "5.0.5",
            "id": "cluster-example",
            "maintenance_window": "mon:05:30-mon:06:30",
            "node_type": "cache.t2.micro",
            "notification_topic_arn": null,
            "num_cache_nodes": 1,
            "parameter_group_name": "default.redis5.0",
            "port": 6379,
            "preferred_availability_zones": null,
            "replication_group_id": null,
            "security_group_ids": [],
            "security_group_names": [],
            "snapshot_arns": null,
            "snapshot_name": null,
            "snapshot_retention_limit": 0,
            "snapshot_window": "08:00-09:00",
            "subnet_group_name": "default",
            "tags": null
          },
          "private": "bnVsbA=="
        }
      ]
    },
    {
      "mode": "managed",
      "type": "aws_elasticache_replication_group",
      "name": "default",
      "provider": "provider.aws",
      "instances": [
        {
          "schema_version": 1,
          "attributes": {
            "apply_immediately": null,
            "at_rest_encryption_enabled": false,
            "auth_token": "",
            "auto_minor_version_upgrade": true,
            "automatic_failover_enabled": true,
            "availability_zones": null,
            "cluster_mode": [
              {
                "num_node_groups": 3,
                "replicas_per_node_group": 1
              }
            ],
            "configuration_endpoint_address": "redis-cluster.f04uk4.clustercfg.use1.cache.amazonaws.com",
            "engine": "redis",
            "engine_version": "5.0.5",
            "id": "redis-cluster",
            "maintenance_window": "mon:05:30-mon:06:30",
            "member_clusters": [
              "redis-cluster-0001-001",
              "redis-cluster-0001-002",
              "redis-cluster-0002-001",
              "redis-cluster-0002-002",
              "redis-cluster-0003-001",
              "redis-cluster-0003-002"
            ],
            "node_type": "cache.t2.micro",
            "notification_topic_arn": null,
            "number_cache_clusters": 6,
            "parameter_group_name": "default.redis5.0.cluster.on",
            "port": 6379,
            "primary_endpoint_address": null,
            "replication_group_description": "Redis cluster for Hashicorp ElastiCache example",
            "replication_group_id": "redis-cluster",
            "security_group_ids": [],
            "security_group_names": [],
            "snapshot_arns": null,
            "snapshot_name": null,
            "snapshot_retention_limit": 0,
            "snapshot_window": "07:00-08:00",
            "subnet_group_name": "elasticache-cache-subnet",
            "tags": null,
            "timeouts": null,
            "transit_encryption_enabled": false
          },
          "private": "eyJlMmJmYjczMC1lY2FhLTExZTYtOGY4OC0zNDM2M2JjN2M0YzAiOnsiY3JlYXRlIjozNjAwMDAwMDAwMDAwLCJkZWxldGUiOjI0MDAwMDAwMDAwMDAsInVwZGF0ZSI6MjQwMDAwMDAwMDAwMH0sInNjaGVtYV92ZXJzaW9uIjoiMSJ9",
          "depends_on": [
            "aws_elasticache_subnet_group.default"
          ]
        }
      ]
    },
    {
      "mode": "managed",
      "type": "aws_elasticache_subnet_group",
      "name": "default",
      "provider": "provider.aws",
      "instances": [
        {
          "schema_version": 0,
          "attributes": {
            "description": "Managed by Terraform",
            "id": "elasticache-cache-subnet",
            "name": "elasticache-cache-subnet",
            "subnet_ids": [
              "subnet-04fc8d916f25136c8",
              "subnet-074f5a7f2d274738d"
            ]
          },
          "private": "bnVsbA==",
          "depends_on": [
            "aws_subnet.default"
          ]
        }
      ]
    },
    {
      "mode": "managed",
      "type": "aws_subnet",
      "name": "default",
      "each": "list",
      "provider": "provider.aws",
      "instances": [
        {
          "index_key": 0,
          "schema_version": 1,
          "attributes": {
            "arn": "arn:aws:ec2:us-east-1:279957820417:subnet/subnet-04fc8d916f25136c8",
            "assign_ipv6_address_on_creation": false,
            "availability_zone": "us-east-1a",
            "availability_zone_id": "use1-az1",
            "cidr_block": "10.1.1.0/24",
            "id": "subnet-04fc8d916f25136c8",
            "ipv6_cidr_block": "",
            "ipv6_cidr_block_association_id": "",
            "map_public_ip_on_launch": true,
            "owner_id": "279957820417",
            "tags": {
              "Name": "elasticache"
            },
            "timeouts": null,
            "vpc_id": "vpc-07060aef2a701e13e"
          },
          "private": "eyJlMmJmYjczMC1lY2FhLTExZTYtOGY4OC0zNDM2M2JjN2M0YzAiOnsiY3JlYXRlIjo2MDAwMDAwMDAwMDAsImRlbGV0ZSI6MTIwMDAwMDAwMDAwMH0sInNjaGVtYV92ZXJzaW9uIjoiMSJ9",
          "depends_on": [
            "aws_vpc.default",
            "data.aws_availability_zones.available"
          ]
        },
        {
          "index_key": 1,
          "schema_version": 1,
          "attributes": {
            "arn": "arn:aws:ec2:us-east-1:279957820417:subnet/subnet-074f5a7f2d274738d",
            "assign_ipv6_address_on_creation": false,
            "availability_zone": "us-east-1b",
            "availability_zone_id": "use1-az2",
            "cidr_block": "10.1.2.0/24",
            "id": "subnet-074f5a7f2d274738d",
            "ipv6_cidr_block": "",
            "ipv6_cidr_block_association_id": "",
            "map_public_ip_on_launch": true,
            "owner_id": "279957820417",
            "tags": {
              "Name": "elasticache"
            },
            "timeouts": null,
            "vpc_id": "vpc-07060aef2a701e13e"
          },
          "private": "eyJlMmJmYjczMC1lY2FhLTExZTYtOGY4OC0zNDM2M2JjN2M0YzAiOnsiY3JlYXRlIjo2MDAwMDAwMDAwMDAsImRlbGV0ZSI6MTIwMDAwMDAwMDAwMH0sInNjaGVtYV92ZXJzaW9uIjoiMSJ9",
          "depends_on": [
            "aws_vpc.default",
            "data.aws_availability_zones.available"
          ]
        }
      ]
    },
    {
      "mode": "managed",
      "type": "aws_vpc",
      "name": "default",
      "provider": "provider.aws",
      "instances": [
        {
          "schema_version": 1,
          "attributes": {
            "arn": "arn:aws:ec2:us-east-1:279957820417:vpc/vpc-07060aef2a701e13e",
            "assign_generated_ipv6_cidr_block": false,
            "cidr_block": "10.1.0.0/16",
            "default_network_acl_id": "acl-09f422aac3571e0f0",
            "default_route_table_id": "rtb-08724a0d1be6a1728",
            "default_security_group_id": "sg-0a003ed809c361f4b",
            "dhcp_options_id": "dopt-085bb572",
            "enable_classiclink": false,
            "enable_classiclink_dns_support": false,
            "enable_dns_hostnames": true,
            "enable_dns_support": true,
            "id": "vpc-07060aef2a701e13e",
            "instance_tenancy": "default",
            "ipv6_association_id": "",
            "ipv6_cidr_block": "",
            "main_route_table_id": "rtb-08724a0d1be6a1728",
            "owner_id": "279957820417",
            "tags": {
              "Name": "elasticache"
            }
          },
          "private": "eyJzY2hlbWFfdmVyc2lvbiI6IjEifQ=="
        }
      ]
    }
  ]
}
